
Microsoft Visual Studio Solution File, Format Version 12.00
# Visual Studio Version 17
VisualStudioVersion = 17.0.31903.59
MinimumVisualStudioVersion = 10.0.40219.1
Project("{FAE04EC0-301F-11D3-BF4B-00C04F79EFBC}") = "API", "API\API.csproj", "{0365CF9F-53D6-42B0-955B-5FF627273D5A}"
EndProject
Project("{FAE04EC0-301F-11D3-BF4B-00C04F79EFBC}") = "Core", "Core\Core.csproj", "{D5B85BE6-95DA-494B-9035-8DABC67058BC}"
EndProject
Project("{FAE04EC0-301F-11D3-BF4B-00C04F79EFBC}") = "Infrastructure", "Infrastructure\Infrastructure.csproj", "{5B981E58-1DE6-4970-8BDA-276EEA9F6DE2}"
EndProject
Global
	GlobalSection(SolutionConfigurationPlatforms) = preSolution
		Debug|Any CPU = Debug|Any CPU
		Release|Any CPU = Release|Any CPU
	EndGlobalSection
	GlobalSection(SolutionProperties) = preSolution
		HideSolutionNode = FALSE
	EndGlobalSection
	GlobalSection(ProjectConfigurationPlatforms) = postSolution
		{0365CF9F-53D6-42B0-955B-5FF627273D5A}.Debug|Any CPU.ActiveCfg = Debug|Any CPU
		{0365CF9F-53D6-42B0-955B-5FF627273D5A}.Debug|Any CPU.Build.0 = Debug|Any CPU
		{0365CF9F-53D6-42B0-955B-5FF627273D5A}.Release|Any CPU.ActiveCfg = Release|Any CPU
		{0365CF9F-53D6-42B0-955B-5FF627273D5A}.Release|Any CPU.Build.0 = Release|Any CPU
		{D5B85BE6-95DA-494B-9035-8DABC67058BC}.Debug|Any CPU.ActiveCfg = Debug|Any CPU
		{D5B85BE6-95DA-494B-9035-8DABC67058BC}.Debug|Any CPU.Build.0 = Debug|Any CPU
		{D5B85BE6-95DA-494B-9035-8DABC67058BC}.Release|Any CPU.ActiveCfg = Release|Any CPU
		{D5B85BE6-95DA-494B-9035-8DABC67058BC}.Release|Any CPU.Build.0 = Release|Any CPU
		{5B981E58-1DE6-4970-8BDA-276EEA9F6DE2}.Debug|Any CPU.ActiveCfg = Debug|Any CPU
		{5B981E58-1DE6-4970-8BDA-276EEA9F6DE2}.Debug|Any CPU.Build.0 = Debug|Any CPU
		{5B981E58-1DE6-4970-8BDA-276EEA9F6DE2}.Release|Any CPU.ActiveCfg = Release|Any CPU
		{5B981E58-1DE6-4970-8BDA-276EEA9F6DE2}.Release|Any CPU.Build.0 = Release|Any CPU
	EndGlobalSection
EndGlobal
